
Microsoft Visual Studio Solution File, Format Version 12.00
# Visual Studio Version 17
VisualStudioVersion = 17.5.33424.131
MinimumVisualStudioVersion = 10.0.40219.1
Project("{9A19103F-16F7-4668-BE54-9A1E7A4F7556}") = "View", "View\View.csproj", "{A10A8411-0920-4FCC-AAD6-079D884D790F}"
EndProject
Project("{9A19103F-16F7-4668-BE54-9A1E7A4F7556}") = "DBAccess", "DBAccess\DBAccess.csproj", "{81D831C9-446C-452D-879F-904575B7D62B}"
EndProject
Project("{9A19103F-16F7-4668-BE54-9A1E7A4F7556}") = "Support", "Support\Support.csproj", "{386F448D-96A6-49A2-9CAD-106D68E2F913}"
EndProject
Project("{9A19103F-16F7-4668-BE54-9A1E7A4F7556}") = "LogError", "LogError\LogError.csproj", "{110E3AAF-F109-47E4-BB5E-A546562EA804}"
EndProject
Project("{9A19103F-16F7-4668-BE54-9A1E7A4F7556}") = "Domain", "Domain\Domain.csproj", "{90C2442C-FD81-46A4-9B32-501A73739141}"
EndProject
Global
	GlobalSection(SolutionConfigurationPlatforms) = preSolution
		Debug|Any CPU = Debug|Any CPU
		Release|Any CPU = Release|Any CPU
	EndGlobalSection
	GlobalSection(ProjectConfigurationPlatforms) = postSolution
		{A10A8411-0920-4FCC-AAD6-079D884D790F}.Debug|Any CPU.ActiveCfg = Debug|Any CPU
		{A10A8411-0920-4FCC-AAD6-079D884D790F}.Debug|Any CPU.Build.0 = Debug|Any CPU
		{A10A8411-0920-4FCC-AAD6-079D884D790F}.Release|Any CPU.ActiveCfg = Release|Any CPU
		{A10A8411-0920-4FCC-AAD6-079D884D790F}.Release|Any CPU.Build.0 = Release|Any CPU
		{81D831C9-446C-452D-879F-904575B7D62B}.Debug|Any CPU.ActiveCfg = Debug|Any CPU
		{81D831C9-446C-452D-879F-904575B7D62B}.Debug|Any CPU.Build.0 = Debug|Any CPU
		{81D831C9-446C-452D-879F-904575B7D62B}.Release|Any CPU.ActiveCfg = Release|Any CPU
		{81D831C9-446C-452D-879F-904575B7D62B}.Release|Any CPU.Build.0 = Release|Any CPU
		{386F448D-96A6-49A2-9CAD-106D68E2F913}.Debug|Any CPU.ActiveCfg = Debug|Any CPU
		{386F448D-96A6-49A2-9CAD-106D68E2F913}.Debug|Any CPU.Build.0 = Debug|Any CPU
		{386F448D-96A6-49A2-9CAD-106D68E2F913}.Release|Any CPU.ActiveCfg = Release|Any CPU
		{386F448D-96A6-49A2-9CAD-106D68E2F913}.Release|Any CPU.Build.0 = Release|Any CPU
		{110E3AAF-F109-47E4-BB5E-A546562EA804}.Debug|Any CPU.ActiveCfg = Debug|Any CPU
		{110E3AAF-F109-47E4-BB5E-A546562EA804}.Debug|Any CPU.Build.0 = Debug|Any CPU
		{110E3AAF-F109-47E4-BB5E-A546562EA804}.Release|Any CPU.ActiveCfg = Release|Any CPU
		{110E3AAF-F109-47E4-BB5E-A546562EA804}.Release|Any CPU.Build.0 = Release|Any CPU
		{90C2442C-FD81-46A4-9B32-501A73739141}.Debug|Any CPU.ActiveCfg = Debug|Any CPU
		{90C2442C-FD81-46A4-9B32-501A73739141}.Debug|Any CPU.Build.0 = Debug|Any CPU
		{90C2442C-FD81-46A4-9B32-501A73739141}.Release|Any CPU.ActiveCfg = Release|Any CPU
		{90C2442C-FD81-46A4-9B32-501A73739141}.Release|Any CPU.Build.0 = Release|Any CPU
	EndGlobalSection
	GlobalSection(SolutionProperties) = preSolution
		HideSolutionNode = FALSE
	EndGlobalSection
	GlobalSection(ExtensibilityGlobals) = postSolution
		SolutionGuid = {2CC2B33F-3F92-4367-8986-1B550FA159F9}
	EndGlobalSection
EndGlobal
